
Microsoft Visual Studio Solution File, Format Version 12.00
# Visual Studio Version 16
VisualStudioVersion = 16.0.31005.135
MinimumVisualStudioVersion = 10.0.40219.1
Project("{FAE04EC0-301F-11D3-BF4B-00C04F79EFBC}") = "thriftEcommerce", "thriftEcommerce\thriftEcommerce.csproj", "{11422A8E-828F-4E83-B355-9682BA2BF3CB}"
EndProject
Global
	GlobalSection(SolutionConfigurationPlatforms) = preSolution
		Debug|Any CPU = Debug|Any CPU
		Release|Any CPU = Release|Any CPU
	EndGlobalSection
	GlobalSection(ProjectConfigurationPlatforms) = postSolution
		{11422A8E-828F-4E83-B355-9682BA2BF3CB}.Debug|Any CPU.ActiveCfg = Debug|Any CPU
		{11422A8E-828F-4E83-B355-9682BA2BF3CB}.Debug|Any CPU.Build.0 = Debug|Any CPU
		{11422A8E-828F-4E83-B355-9682BA2BF3CB}.Release|Any CPU.ActiveCfg = Release|Any CPU
		{11422A8E-828F-4E83-B355-9682BA2BF3CB}.Release|Any CPU.Build.0 = Release|Any CPU
	EndGlobalSection
	GlobalSection(SolutionProperties) = preSolution
		HideSolutionNode = FALSE
	EndGlobalSection
	GlobalSection(ExtensibilityGlobals) = postSolution
		SolutionGuid = {B3156FB3-64EB-48E1-A1B3-B21557A1BE48}
	EndGlobalSection
EndGlobal
